
Microsoft Visual Studio Solution File, Format Version 12.00
# Visual Studio 15
VisualStudioVersion = 15.0.28010.2048
MinimumVisualStudioVersion = 10.0.40219.1
Project("{FAE04EC0-301F-11D3-BF4B-00C04F79EFBC}") = "Krasnov_3", "Krasnov_3\Krasnov_3.csproj", "{DC3B476C-F93B-429B-8919-9BE4062F3868}"
EndProject
Global
	GlobalSection(SolutionConfigurationPlatforms) = preSolution
		Debug|Any CPU = Debug|Any CPU
		Release|Any CPU = Release|Any CPU
	EndGlobalSection
	GlobalSection(ProjectConfigurationPlatforms) = postSolution
		{DC3B476C-F93B-429B-8919-9BE4062F3868}.Debug|Any CPU.ActiveCfg = Debug|Any CPU
		{DC3B476C-F93B-429B-8919-9BE4062F3868}.Debug|Any CPU.Build.0 = Debug|Any CPU
		{DC3B476C-F93B-429B-8919-9BE4062F3868}.Release|Any CPU.ActiveCfg = Release|Any CPU
		{DC3B476C-F93B-429B-8919-9BE4062F3868}.Release|Any CPU.Build.0 = Release|Any CPU
	EndGlobalSection
	GlobalSection(SolutionProperties) = preSolution
		HideSolutionNode = FALSE
	EndGlobalSection
	GlobalSection(ExtensibilityGlobals) = postSolution
		SolutionGuid = {EDCE8719-456D-48DF-84BD-05C825EEAF8B}
	EndGlobalSection
EndGlobal
